
Microsoft Visual Studio Solution File, Format Version 12.00
# Visual Studio Version 16
VisualStudioVersion = 16.0.31410.357
MinimumVisualStudioVersion = 10.0.40219.1
Project("{8BC9CEB8-8B4A-11D0-8D11-00A0C91BC942}") = "BOJ_11726", "BOJ_11726.vcxproj", "{911A361F-8F23-4738-892B-D07531997507}"
EndProject
Global
	GlobalSection(SolutionConfigurationPlatforms) = preSolution
		Debug|x64 = Debug|x64
		Debug|x86 = Debug|x86
		Release|x64 = Release|x64
		Release|x86 = Release|x86
	EndGlobalSection
	GlobalSection(ProjectConfigurationPlatforms) = postSolution
		{911A361F-8F23-4738-892B-D07531997507}.Debug|x64.ActiveCfg = Debug|x64
		{911A361F-8F23-4738-892B-D07531997507}.Debug|x64.Build.0 = Debug|x64
		{911A361F-8F23-4738-892B-D07531997507}.Debug|x86.ActiveCfg = Debug|Win32
		{911A361F-8F23-4738-892B-D07531997507}.Debug|x86.Build.0 = Debug|Win32
		{911A361F-8F23-4738-892B-D07531997507}.Release|x64.ActiveCfg = Release|x64
		{911A361F-8F23-4738-892B-D07531997507}.Release|x64.Build.0 = Release|x64
		{911A361F-8F23-4738-892B-D07531997507}.Release|x86.ActiveCfg = Release|Win32
		{911A361F-8F23-4738-892B-D07531997507}.Release|x86.Build.0 = Release|Win32
	EndGlobalSection
	GlobalSection(SolutionProperties) = preSolution
		HideSolutionNode = FALSE
	EndGlobalSection
	GlobalSection(ExtensibilityGlobals) = postSolution
		SolutionGuid = {34AE9629-E21B-4AE6-B3E6-65DEBE5B9E29}
	EndGlobalSection
EndGlobal
